
Microsoft Visual Studio Solution File, Format Version 12.00
# Visual Studio Version 17
VisualStudioVersion = 17.11.35312.102
MinimumVisualStudioVersion = 10.0.40219.1
Project("{FAE04EC0-301F-11D3-BF4B-00C04F79EFBC}") = "GraWSlowkaMikolaj", "GraWSlowkaMikolaj\GraWSlowkaMikolaj.csproj", "{21F98350-D079-4377-82A1-1942CCDC4D47}"
EndProject
Global
	GlobalSection(SolutionConfigurationPlatforms) = preSolution
		Debug|Any CPU = Debug|Any CPU
		Release|Any CPU = Release|Any CPU
	EndGlobalSection
	GlobalSection(ProjectConfigurationPlatforms) = postSolution
		{21F98350-D079-4377-82A1-1942CCDC4D47}.Debug|Any CPU.ActiveCfg = Debug|Any CPU
		{21F98350-D079-4377-82A1-1942CCDC4D47}.Debug|Any CPU.Build.0 = Debug|Any CPU
		{21F98350-D079-4377-82A1-1942CCDC4D47}.Debug|Any CPU.Deploy.0 = Debug|Any CPU
		{21F98350-D079-4377-82A1-1942CCDC4D47}.Release|Any CPU.ActiveCfg = Release|Any CPU
		{21F98350-D079-4377-82A1-1942CCDC4D47}.Release|Any CPU.Build.0 = Release|Any CPU
		{21F98350-D079-4377-82A1-1942CCDC4D47}.Release|Any CPU.Deploy.0 = Release|Any CPU
	EndGlobalSection
	GlobalSection(SolutionProperties) = preSolution
		HideSolutionNode = FALSE
	EndGlobalSection
	GlobalSection(ExtensibilityGlobals) = postSolution
		SolutionGuid = {847C5269-97D3-4EAB-98FF-24FC865EDAA0}
	EndGlobalSection
EndGlobal
